// !$*UTF8*$!
{
	archiveVersion = 1;
	classes = {
	};
	objectVersion = 77;
	objects = {

/* Begin PBXBuildFile section */
		014924D1545F5ED7E32BA50D /* NextReportWindowBuilder.swift in Sources */ = {isa = PBXBuildFile; fileRef = FC24A3084F1CB77216493907 /* NextReportWindowBuilder.swift */; };
		060126BA99293293402CEC00 /* ViewShared.swift in Sources */ = {isa = PBXBuildFile; fileRef = 1FDA7EA4639BB0121DD6B803 /* ViewShared.swift */; };
		0E0B9373BE80E5F6829F98D6 /* ScheduleCacheService.swift in Sources */ = {isa = PBXBuildFile; fileRef = 55E5301B208661C3E2632FC7 /* ScheduleCacheService.swift */; };
		118967E43FF2203DAB98B97C /* TripBoardAuthService.swift in Sources */ = {isa = PBXBuildFile; fileRef = 42BF7C6110CAC60779B38CC7 /* TripBoardAuthService.swift */; };
		1413F694AAE3B23F47C3C436 /* FlightCountdownSharedModels.swift in Sources */ = {isa = PBXBuildFile; fileRef = 58C18FF3A67E7E968B09F58E /* FlightCountdownSharedModels.swift */; };
		27B924E6CA6484B9156032EC /* FlightCountdownCoordinator.swift in Sources */ = {isa = PBXBuildFile; fileRef = 4F6C86491D2E927C2CEC60D5 /* FlightCountdownCoordinator.swift */; };
		32AB31ECA2C3DA85192193E3 /* TripLegDisplaySupport.swift in Sources */ = {isa = PBXBuildFile; fileRef = 3AA31B4F87A8944508CA4749 /* TripLegDisplaySupport.swift */; };
		3922CFC31FEDE9EC3DFB97BC /* FriendsTabView.swift in Sources */ = {isa = PBXBuildFile; fileRef = 7530BA3F3B6E04AB959D36F4 /* FriendsTabView.swift */; };
		3A2F50E0D4536F59A322FEAB /* OpenTimeTabView.swift in Sources */ = {isa = PBXBuildFile; fileRef = 3AE25B19B246FF6370CE9E6F /* OpenTimeTabView.swift */; };
		4016A931F2EA6DCF07900791 /* SettingsSections.swift in Sources */ = {isa = PBXBuildFile; fileRef = D8A9A31A957111B4F5C5479E /* SettingsSections.swift */; };
		4B757DBC3E4BB412A6E0A4B4 /* NextReportNotificationService.swift in Sources */ = {isa = PBXBuildFile; fileRef = 26F1CF972BCCEF2CFFA1D9B1 /* NextReportNotificationService.swift */; };
		4C5EC0A3F2B851101A6DF46D /* IATATimeZoneResolver.swift in Sources */ = {isa = PBXBuildFile; fileRef = 4FC85F3B696ED2DB2C56FC18 /* IATATimeZoneResolver.swift */; };
		4F7808E425C3280304305CB3 /* Assets.xcassets in Resources */ = {isa = PBXBuildFile; fileRef = 906799561E65DB1AF44B2DE4 /* Assets.xcassets */; };
		5BF750A9EB06E31DED48688D /* AdminTabView.swift in Sources */ = {isa = PBXBuildFile; fileRef = F151A3C5326A78E7880243EB /* AdminTabView.swift */; };
		6A4D1917B4C1F6301A23AA7D /* LaunchScreen.storyboard in Resources */ = {isa = PBXBuildFile; fileRef = 3E72BFB505AAA65912E222FA /* LaunchScreen.storyboard */; };
		770DDB243CCA709322ED76E2 /* FriendsSupport.swift in Sources */ = {isa = PBXBuildFile; fileRef = 6DD141C17FE03A5610C7CD39 /* FriendsSupport.swift */; };
		7C3AB2B9272B81AA8921086F /* MaterialIcons.ttf in Resources */ = {isa = PBXBuildFile; fileRef = 5E0709AD7B1E41C090C2CDA2 /* MaterialIcons.ttf */; };
		7D1704D2A316ADA1508A7A5E /* TripBoardSyncService.swift in Sources */ = {isa = PBXBuildFile; fileRef = 3A4FD2E096CBF54B7899BF9A /* TripBoardSyncService.swift */; };
		7DCBF996FF525485AECDAF4C /* AdminSections.swift in Sources */ = {isa = PBXBuildFile; fileRef = 24F3AE1A0D7CD7D7B5816484 /* AdminSections.swift */; };
		9599AC8B5334199EAAC4FC49 /* FlightCountdownTests.swift in Sources */ = {isa = PBXBuildFile; fileRef = 58EB09BC72A13BE9062573CC /* FlightCountdownTests.swift */; };
		95B113CB364AA3060CA5D213 /* TimelineSupport.swift in Sources */ = {isa = PBXBuildFile; fileRef = D1A53834B9B503F29F362404 /* TimelineSupport.swift */; };
		A1D82A544C65FC9E6F2AB004 /* OpenTimeSupport.swift in Sources */ = {isa = PBXBuildFile; fileRef = CD991C2C233AF5AEE5AB9A42 /* OpenTimeSupport.swift */; };
		B52957FE513ECC9639B99496 /* CrewAccessPDFImportService.swift in Sources */ = {isa = PBXBuildFile; fileRef = 0AF942899EBB7E90814E4995 /* CrewAccessPDFImportService.swift */; };
		C253B94D1BAE19FE0272F3F3 /* AdminPolicy.json in Resources */ = {isa = PBXBuildFile; fileRef = 98EDE30CF9675F9EFF5433AD /* AdminPolicy.json */; };
		C6DAD0A1BE825FB0BA256D13 /* SettingsTabView.swift in Sources */ = {isa = PBXBuildFile; fileRef = B75C57D0E8EA97E45C283A7B /* SettingsTabView.swift */; };
		C8D9B5BF0F2E0E10EFC1355F /* TripDataHubApp.swift in Sources */ = {isa = PBXBuildFile; fileRef = 9BDD762619119C64ED70F521 /* TripDataHubApp.swift */; };
		CABB746FF49354B5B9FB8445 /* MaterialIconView.swift in Sources */ = {isa = PBXBuildFile; fileRef = B9B6B161A74F14EA6BD7D4F1 /* MaterialIconView.swift */; };
		CE0849FD7F7F3F22C65211EE /* ImportPreviewView.swift in Sources */ = {isa = PBXBuildFile; fileRef = DF695C0A628B417D70BF6664 /* ImportPreviewView.swift */; };
		D62D823638EA9042B84575C1 /* RootTabView.swift in Sources */ = {isa = PBXBuildFile; fileRef = ABBFA59E2733EED76133B12E /* RootTabView.swift */; };
		DC8A5853601DC74925B4908E /* TripBoardLoginView.swift in Sources */ = {isa = PBXBuildFile; fileRef = 5B56C7C114EB63B94E2C3ED4 /* TripBoardLoginView.swift */; };
		DEA186B6F8256B4A0B01C291 /* AppViewModel.swift in Sources */ = {isa = PBXBuildFile; fileRef = 537DE7E0A39D9117D8B2DE33 /* AppViewModel.swift */; };
		E1BDA32E3801BEDCB3C9A9E3 /* CrewAccessImportHelpView.swift in Sources */ = {isa = PBXBuildFile; fileRef = 9C6A66B614D3A175C4E929D9 /* CrewAccessImportHelpView.swift */; };
		E72B7C0A1DA5134DAF4551D7 /* TripModels.swift in Sources */ = {isa = PBXBuildFile; fileRef = 8CD425A30028665C7AF3C26E /* TripModels.swift */; };
		EBA28E56AF2F56DCDE5095FA /* OpenTimeTripDetailView.swift in Sources */ = {isa = PBXBuildFile; fileRef = 79E4DBC654459A337652E6EB /* OpenTimeTripDetailView.swift */; };
		F4130D36B01FE4896582FC2F /* AppViewModel+PreviewData.swift in Sources */ = {isa = PBXBuildFile; fileRef = FE4BC208606CA451400CC1BE /* AppViewModel+PreviewData.swift */; };
		F6354A96AD43D1B5043CF4E3 /* FlightCountdownSupport.swift in Sources */ = {isa = PBXBuildFile; fileRef = 725719445A236E76E849AF2F /* FlightCountdownSupport.swift */; };
		F7B3BF9F00B694A47A128868 /* ImportFileSniffer.swift in Sources */ = {isa = PBXBuildFile; fileRef = EABE1DFB8EE6CCCF77FB5717 /* ImportFileSniffer.swift */; };
		FCAF8CC3DA62D71F1FCBE6B8 /* TimelineTabView.swift in Sources */ = {isa = PBXBuildFile; fileRef = D5F00128A17C7CA217977EA7 /* TimelineTabView.swift */; };
		FD43BBA08568699E1F1D5C5D /* KeychainService.swift in Sources */ = {isa = PBXBuildFile; fileRef = 7B4DAB3D177949F363100BE8 /* KeychainService.swift */; };
/* End PBXBuildFile section */

/* Begin PBXContainerItemProxy section */
		30A401B24E2279426942B203 /* PBXContainerItemProxy */ = {
			isa = PBXContainerItemProxy;
			containerPortal = 5AE721792323228157DCB039 /* Project object */;
			proxyType = 1;
			remoteGlobalIDString = 9CDD311DB999C310E3ADCC73;
			remoteInfo = TripDataHub;
		};
/* End PBXContainerItemProxy section */

/* Begin PBXFileReference section */
		0280B0ED64CBF38F6C06B873 /* Info.plist */ = {isa = PBXFileReference; lastKnownFileType = text.plist; path = Info.plist; sourceTree = "<group>"; };
		0AF942899EBB7E90814E4995 /* CrewAccessPDFImportService.swift */ = {isa = PBXFileReference; lastKnownFileType = sourcecode.swift; path = CrewAccessPDFImportService.swift; sourceTree = "<group>"; };
		13F6EFC17A823450FE7E3210 /* TripDataHubTests.xctest */ = {isa = PBXFileReference; includeInIndex = 0; lastKnownFileType = wrapper.cfbundle; path = TripDataHubTests.xctest; sourceTree = BUILT_PRODUCTS_DIR; };
		1FDA7EA4639BB0121DD6B803 /* ViewShared.swift */ = {isa = PBXFileReference; lastKnownFileType = sourcecode.swift; path = ViewShared.swift; sourceTree = "<group>"; };
		24F3AE1A0D7CD7D7B5816484 /* AdminSections.swift */ = {isa = PBXFileReference; lastKnownFileType = sourcecode.swift; path = AdminSections.swift; sourceTree = "<group>"; };
		26F1CF972BCCEF2CFFA1D9B1 /* NextReportNotificationService.swift */ = {isa = PBXFileReference; lastKnownFileType = sourcecode.swift; path = NextReportNotificationService.swift; sourceTree = "<group>"; };
		27B3B19D320BB806C27D1D1C /* TripDataHub.entitlements */ = {isa = PBXFileReference; lastKnownFileType = text.plist.entitlements; path = TripDataHub.entitlements; sourceTree = "<group>"; };
		3A4FD2E096CBF54B7899BF9A /* TripBoardSyncService.swift */ = {isa = PBXFileReference; lastKnownFileType = sourcecode.swift; path = TripBoardSyncService.swift; sourceTree = "<group>"; };
		3AA31B4F87A8944508CA4749 /* TripLegDisplaySupport.swift */ = {isa = PBXFileReference; lastKnownFileType = sourcecode.swift; path = TripLegDisplaySupport.swift; sourceTree = "<group>"; };
		3AE25B19B246FF6370CE9E6F /* OpenTimeTabView.swift */ = {isa = PBXFileReference; lastKnownFileType = sourcecode.swift; path = OpenTimeTabView.swift; sourceTree = "<group>"; };
		3E72BFB505AAA65912E222FA /* LaunchScreen.storyboard */ = {isa = PBXFileReference; lastKnownFileType = file.storyboard; path = LaunchScreen.storyboard; sourceTree = "<group>"; };
		42BF7C6110CAC60779B38CC7 /* TripBoardAuthService.swift */ = {isa = PBXFileReference; lastKnownFileType = sourcecode.swift; path = TripBoardAuthService.swift; sourceTree = "<group>"; };
		4F6C86491D2E927C2CEC60D5 /* FlightCountdownCoordinator.swift */ = {isa = PBXFileReference; lastKnownFileType = sourcecode.swift; path = FlightCountdownCoordinator.swift; sourceTree = "<group>"; };
		4FC85F3B696ED2DB2C56FC18 /* IATATimeZoneResolver.swift */ = {isa = PBXFileReference; lastKnownFileType = sourcecode.swift; path = IATATimeZoneResolver.swift; sourceTree = "<group>"; };
		537DE7E0A39D9117D8B2DE33 /* AppViewModel.swift */ = {isa = PBXFileReference; lastKnownFileType = sourcecode.swift; path = AppViewModel.swift; sourceTree = "<group>"; };
		55E5301B208661C3E2632FC7 /* ScheduleCacheService.swift */ = {isa = PBXFileReference; lastKnownFileType = sourcecode.swift; path = ScheduleCacheService.swift; sourceTree = "<group>"; };
		58C18FF3A67E7E968B09F58E /* FlightCountdownSharedModels.swift */ = {isa = PBXFileReference; lastKnownFileType = sourcecode.swift; path = FlightCountdownSharedModels.swift; sourceTree = "<group>"; };
		58EB09BC72A13BE9062573CC /* FlightCountdownTests.swift */ = {isa = PBXFileReference; lastKnownFileType = sourcecode.swift; path = FlightCountdownTests.swift; sourceTree = "<group>"; };
		5B56C7C114EB63B94E2C3ED4 /* TripBoardLoginView.swift */ = {isa = PBXFileReference; lastKnownFileType = sourcecode.swift; path = TripBoardLoginView.swift; sourceTree = "<group>"; };
		5E0709AD7B1E41C090C2CDA2 /* MaterialIcons.ttf */ = {isa = PBXFileReference; lastKnownFileType = file; path = MaterialIcons.ttf; sourceTree = "<group>"; };
		6DD141C17FE03A5610C7CD39 /* FriendsSupport.swift */ = {isa = PBXFileReference; lastKnownFileType = sourcecode.swift; path = FriendsSupport.swift; sourceTree = "<group>"; };
		725719445A236E76E849AF2F /* FlightCountdownSupport.swift */ = {isa = PBXFileReference; lastKnownFileType = sourcecode.swift; path = FlightCountdownSupport.swift; sourceTree = "<group>"; };
		7530BA3F3B6E04AB959D36F4 /* FriendsTabView.swift */ = {isa = PBXFileReference; lastKnownFileType = sourcecode.swift; path = FriendsTabView.swift; sourceTree = "<group>"; };
		79E4DBC654459A337652E6EB /* OpenTimeTripDetailView.swift */ = {isa = PBXFileReference; lastKnownFileType = sourcecode.swift; path = OpenTimeTripDetailView.swift; sourceTree = "<group>"; };
		7B4DAB3D177949F363100BE8 /* KeychainService.swift */ = {isa = PBXFileReference; lastKnownFileType = sourcecode.swift; path = KeychainService.swift; sourceTree = "<group>"; };
		8CD425A30028665C7AF3C26E /* TripModels.swift */ = {isa = PBXFileReference; lastKnownFileType = sourcecode.swift; path = TripModels.swift; sourceTree = "<group>"; };
		906799561E65DB1AF44B2DE4 /* Assets.xcassets */ = {isa = PBXFileReference; lastKnownFileType = folder.assetcatalog; path = Assets.xcassets; sourceTree = "<group>"; };
		98EDE30CF9675F9EFF5433AD /* AdminPolicy.json */ = {isa = PBXFileReference; lastKnownFileType = text.json; path = AdminPolicy.json; sourceTree = "<group>"; };
		9BDD762619119C64ED70F521 /* TripDataHubApp.swift */ = {isa = PBXFileReference; lastKnownFileType = sourcecode.swift; path = TripDataHubApp.swift; sourceTree = "<group>"; };
		9C6A66B614D3A175C4E929D9 /* CrewAccessImportHelpView.swift */ = {isa = PBXFileReference; lastKnownFileType = sourcecode.swift; path = CrewAccessImportHelpView.swift; sourceTree = "<group>"; };
		ABBFA59E2733EED76133B12E /* RootTabView.swift */ = {isa = PBXFileReference; lastKnownFileType = sourcecode.swift; path = RootTabView.swift; sourceTree = "<group>"; };
		B75C57D0E8EA97E45C283A7B /* SettingsTabView.swift */ = {isa = PBXFileReference; lastKnownFileType = sourcecode.swift; path = SettingsTabView.swift; sourceTree = "<group>"; };
		B9B6B161A74F14EA6BD7D4F1 /* MaterialIconView.swift */ = {isa = PBXFileReference; lastKnownFileType = sourcecode.swift; path = MaterialIconView.swift; sourceTree = "<group>"; };
		CD991C2C233AF5AEE5AB9A42 /* OpenTimeSupport.swift */ = {isa = PBXFileReference; lastKnownFileType = sourcecode.swift; path = OpenTimeSupport.swift; sourceTree = "<group>"; };
		D1A53834B9B503F29F362404 /* TimelineSupport.swift */ = {isa = PBXFileReference; lastKnownFileType = sourcecode.swift; path = TimelineSupport.swift; sourceTree = "<group>"; };
		D5F00128A17C7CA217977EA7 /* TimelineTabView.swift */ = {isa = PBXFileReference; lastKnownFileType = sourcecode.swift; path = TimelineTabView.swift; sourceTree = "<group>"; };
		D8A9A31A957111B4F5C5479E /* SettingsSections.swift */ = {isa = PBXFileReference; lastKnownFileType = sourcecode.swift; path = SettingsSections.swift; sourceTree = "<group>"; };
		DF695C0A628B417D70BF6664 /* ImportPreviewView.swift */ = {isa = PBXFileReference; lastKnownFileType = sourcecode.swift; path = ImportPreviewView.swift; sourceTree = "<group>"; };
		EABE1DFB8EE6CCCF77FB5717 /* ImportFileSniffer.swift */ = {isa = PBXFileReference; lastKnownFileType = sourcecode.swift; path = ImportFileSniffer.swift; sourceTree = "<group>"; };
		F151A3C5326A78E7880243EB /* AdminTabView.swift */ = {isa = PBXFileReference; lastKnownFileType = sourcecode.swift; path = AdminTabView.swift; sourceTree = "<group>"; };
		F518C211127FA260E6247ED8 /* TripDataHub.app */ = {isa = PBXFileReference; includeInIndex = 0; lastKnownFileType = wrapper.application; path = TripDataHub.app; sourceTree = BUILT_PRODUCTS_DIR; };
		FC24A3084F1CB77216493907 /* NextReportWindowBuilder.swift */ = {isa = PBXFileReference; lastKnownFileType = sourcecode.swift; path = NextReportWindowBuilder.swift; sourceTree = "<group>"; };
		FE4BC208606CA451400CC1BE /* AppViewModel+PreviewData.swift */ = {isa = PBXFileReference; lastKnownFileType = sourcecode.swift; path = "AppViewModel+PreviewData.swift"; sourceTree = "<group>"; };
/* End PBXFileReference section */

/* Begin PBXGroup section */
		35A97BDAAEA706418C6B65F2 /* Products */ = {
			isa = PBXGroup;
			children = (
				F518C211127FA260E6247ED8 /* TripDataHub.app */,
				13F6EFC17A823450FE7E3210 /* TripDataHubTests.xctest */,
			);
			name = Products;
			sourceTree = "<group>";
		};
		5553FBF0720785F43E87B38D /* Fonts */ = {
			isa = PBXGroup;
			children = (
				5E0709AD7B1E41C090C2CDA2 /* MaterialIcons.ttf */,
			);
			path = Fonts;
			sourceTree = "<group>";
		};
		61C9603609A3BE24BCF74010 /* TripDataHub */ = {
			isa = PBXGroup;
			children = (
				906799561E65DB1AF44B2DE4 /* Assets.xcassets */,
				0280B0ED64CBF38F6C06B873 /* Info.plist */,
				3E72BFB505AAA65912E222FA /* LaunchScreen.storyboard */,
				27B3B19D320BB806C27D1D1C /* TripDataHub.entitlements */,
				9BDD762619119C64ED70F521 /* TripDataHubApp.swift */,
				E904C8310067C98AD7B34FC0 /* Models */,
				BEB29902AE998E036232CA65 /* Resources */,
				AEF8401FA9AEE5505B4A6FA5 /* Services */,
				9236B65BD3BA721359C38B56 /* ViewModels */,
				8E1D8F615703F82B2B79E175 /* Views */,
			);
			path = TripDataHub;
			sourceTree = "<group>";
		};
		8E1D8F615703F82B2B79E175 /* Views */ = {
			isa = PBXGroup;
			children = (
				24F3AE1A0D7CD7D7B5816484 /* AdminSections.swift */,
				F151A3C5326A78E7880243EB /* AdminTabView.swift */,
				9C6A66B614D3A175C4E929D9 /* CrewAccessImportHelpView.swift */,
				6DD141C17FE03A5610C7CD39 /* FriendsSupport.swift */,
				7530BA3F3B6E04AB959D36F4 /* FriendsTabView.swift */,
				DF695C0A628B417D70BF6664 /* ImportPreviewView.swift */,
				B9B6B161A74F14EA6BD7D4F1 /* MaterialIconView.swift */,
				CD991C2C233AF5AEE5AB9A42 /* OpenTimeSupport.swift */,
				3AE25B19B246FF6370CE9E6F /* OpenTimeTabView.swift */,
				79E4DBC654459A337652E6EB /* OpenTimeTripDetailView.swift */,
				ABBFA59E2733EED76133B12E /* RootTabView.swift */,
				D8A9A31A957111B4F5C5479E /* SettingsSections.swift */,
				B75C57D0E8EA97E45C283A7B /* SettingsTabView.swift */,
				D1A53834B9B503F29F362404 /* TimelineSupport.swift */,
				D5F00128A17C7CA217977EA7 /* TimelineTabView.swift */,
				5B56C7C114EB63B94E2C3ED4 /* TripBoardLoginView.swift */,
				1FDA7EA4639BB0121DD6B803 /* ViewShared.swift */,
			);
			path = Views;
			sourceTree = "<group>";
		};
		9236B65BD3BA721359C38B56 /* ViewModels */ = {
			isa = PBXGroup;
			children = (
				537DE7E0A39D9117D8B2DE33 /* AppViewModel.swift */,
				FE4BC208606CA451400CC1BE /* AppViewModel+PreviewData.swift */,
			);
			path = ViewModels;
			sourceTree = "<group>";
		};
		AEF8401FA9AEE5505B4A6FA5 /* Services */ = {
			isa = PBXGroup;
			children = (
				0AF942899EBB7E90814E4995 /* CrewAccessPDFImportService.swift */,
				4F6C86491D2E927C2CEC60D5 /* FlightCountdownCoordinator.swift */,
				4FC85F3B696ED2DB2C56FC18 /* IATATimeZoneResolver.swift */,
				EABE1DFB8EE6CCCF77FB5717 /* ImportFileSniffer.swift */,
				7B4DAB3D177949F363100BE8 /* KeychainService.swift */,
				26F1CF972BCCEF2CFFA1D9B1 /* NextReportNotificationService.swift */,
				FC24A3084F1CB77216493907 /* NextReportWindowBuilder.swift */,
				55E5301B208661C3E2632FC7 /* ScheduleCacheService.swift */,
				42BF7C6110CAC60779B38CC7 /* TripBoardAuthService.swift */,
				3A4FD2E096CBF54B7899BF9A /* TripBoardSyncService.swift */,
			);
			path = Services;
			sourceTree = "<group>";
		};
		BEB29902AE998E036232CA65 /* Resources */ = {
			isa = PBXGroup;
			children = (
				98EDE30CF9675F9EFF5433AD /* AdminPolicy.json */,
				5553FBF0720785F43E87B38D /* Fonts */,
			);
			path = Resources;
			sourceTree = "<group>";
		};
		D101DDBB3D56809CEA7A0D66 /* TripDataHubTests */ = {
			isa = PBXGroup;
			children = (
				58EB09BC72A13BE9062573CC /* FlightCountdownTests.swift */,
			);
			path = TripDataHubTests;
			sourceTree = "<group>";
		};
		DA29E1945D375877678093FD = {
			isa = PBXGroup;
			children = (
				61C9603609A3BE24BCF74010 /* TripDataHub */,
				D101DDBB3D56809CEA7A0D66 /* TripDataHubTests */,
				35A97BDAAEA706418C6B65F2 /* Products */,
			);
			sourceTree = "<group>";
		};
		E904C8310067C98AD7B34FC0 /* Models */ = {
			isa = PBXGroup;
			children = (
				58C18FF3A67E7E968B09F58E /* FlightCountdownSharedModels.swift */,
				725719445A236E76E849AF2F /* FlightCountdownSupport.swift */,
				3AA31B4F87A8944508CA4749 /* TripLegDisplaySupport.swift */,
				8CD425A30028665C7AF3C26E /* TripModels.swift */,
			);
			path = Models;
			sourceTree = "<group>";
		};
/* End PBXGroup section */

/* Begin PBXNativeTarget section */
		06F2AF4905B951E2C0FF528F /* TripDataHubTests */ = {
			isa = PBXNativeTarget;
			buildConfigurationList = A55CEC6EAE84899E0C35BC48 /* Build configuration list for PBXNativeTarget "TripDataHubTests" */;
			buildPhases = (
				2CFED1ECABF6AF8EABDAADFD /* Sources */,
			);
			buildRules = (
			);
			dependencies = (
				ACCF85D1355AE5B839C9740B /* PBXTargetDependency */,
			);
			name = TripDataHubTests;
			packageProductDependencies = (
			);
			productName = TripDataHubTests;
			productReference = 13F6EFC17A823450FE7E3210 /* TripDataHubTests.xctest */;
			productType = "com.apple.product-type.bundle.unit-test";
		};
		9CDD311DB999C310E3ADCC73 /* TripDataHub */ = {
			isa = PBXNativeTarget;
			buildConfigurationList = 4501989166C2FB0365E64546 /* Build configuration list for PBXNativeTarget "TripDataHub" */;
			buildPhases = (
				B649BC6D86A43D9C51B54C5F /* Sources */,
				A66D1306FD49CF6110E3DE61 /* Resources */,
			);
			buildRules = (
			);
			dependencies = (
			);
			name = TripDataHub;
			packageProductDependencies = (
			);
			productName = TripDataHub;
			productReference = F518C211127FA260E6247ED8 /* TripDataHub.app */;
			productType = "com.apple.product-type.application";
		};
/* End PBXNativeTarget section */

/* Begin PBXProject section */
		5AE721792323228157DCB039 /* Project object */ = {
			isa = PBXProject;
			attributes = {
				BuildIndependentTargetsInParallel = YES;
				LastUpgradeCheck = 1430;
				TargetAttributes = {
					06F2AF4905B951E2C0FF528F = {
						DevelopmentTeam = "";
						ProvisioningStyle = Automatic;
					};
					9CDD311DB999C310E3ADCC73 = {
						DevelopmentTeam = "";
						ProvisioningStyle = Automatic;
					};
				};
			};
			buildConfigurationList = 12782E3E02B300ED016918C6 /* Build configuration list for PBXProject "TripDataHub" */;
			compatibilityVersion = "Xcode 14.0";
			developmentRegion = en;
			hasScannedForEncodings = 0;
			knownRegions = (
				Base,
				en,
			);
			mainGroup = DA29E1945D375877678093FD;
			minimizedProjectReferenceProxies = 1;
			preferredProjectObjectVersion = 77;
			projectDirPath = "";
			projectRoot = "";
			targets = (
				9CDD311DB999C310E3ADCC73 /* TripDataHub */,
				06F2AF4905B951E2C0FF528F /* TripDataHubTests */,
			);
		};
/* End PBXProject section */

/* Begin PBXResourcesBuildPhase section */
		A66D1306FD49CF6110E3DE61 /* Resources */ = {
			isa = PBXResourcesBuildPhase;
			buildActionMask = 2147483647;
			files = (
				C253B94D1BAE19FE0272F3F3 /* AdminPolicy.json in Resources */,
				4F7808E425C3280304305CB3 /* Assets.xcassets in Resources */,
				6A4D1917B4C1F6301A23AA7D /* LaunchScreen.storyboard in Resources */,
				7C3AB2B9272B81AA8921086F /* MaterialIcons.ttf in Resources */,
			);
			runOnlyForDeploymentPostprocessing = 0;
		};
/* End PBXResourcesBuildPhase section */

/* Begin PBXSourcesBuildPhase section */
		2CFED1ECABF6AF8EABDAADFD /* Sources */ = {
			isa = PBXSourcesBuildPhase;
			buildActionMask = 2147483647;
			files = (
				9599AC8B5334199EAAC4FC49 /* FlightCountdownTests.swift in Sources */,
			);
			runOnlyForDeploymentPostprocessing = 0;
		};
		B649BC6D86A43D9C51B54C5F /* Sources */ = {
			isa = PBXSourcesBuildPhase;
			buildActionMask = 2147483647;
			files = (
				7DCBF996FF525485AECDAF4C /* AdminSections.swift in Sources */,
				5BF750A9EB06E31DED48688D /* AdminTabView.swift in Sources */,
				F4130D36B01FE4896582FC2F /* AppViewModel+PreviewData.swift in Sources */,
				DEA186B6F8256B4A0B01C291 /* AppViewModel.swift in Sources */,
				E1BDA32E3801BEDCB3C9A9E3 /* CrewAccessImportHelpView.swift in Sources */,
				B52957FE513ECC9639B99496 /* CrewAccessPDFImportService.swift in Sources */,
				27B924E6CA6484B9156032EC /* FlightCountdownCoordinator.swift in Sources */,
				1413F694AAE3B23F47C3C436 /* FlightCountdownSharedModels.swift in Sources */,
				F6354A96AD43D1B5043CF4E3 /* FlightCountdownSupport.swift in Sources */,
				770DDB243CCA709322ED76E2 /* FriendsSupport.swift in Sources */,
				3922CFC31FEDE9EC3DFB97BC /* FriendsTabView.swift in Sources */,
				4C5EC0A3F2B851101A6DF46D /* IATATimeZoneResolver.swift in Sources */,
				F7B3BF9F00B694A47A128868 /* ImportFileSniffer.swift in Sources */,
				CE0849FD7F7F3F22C65211EE /* ImportPreviewView.swift in Sources */,
				FD43BBA08568699E1F1D5C5D /* KeychainService.swift in Sources */,
				CABB746FF49354B5B9FB8445 /* MaterialIconView.swift in Sources */,
				4B757DBC3E4BB412A6E0A4B4 /* NextReportNotificationService.swift in Sources */,
				014924D1545F5ED7E32BA50D /* NextReportWindowBuilder.swift in Sources */,
				A1D82A544C65FC9E6F2AB004 /* OpenTimeSupport.swift in Sources */,
				3A2F50E0D4536F59A322FEAB /* OpenTimeTabView.swift in Sources */,
				EBA28E56AF2F56DCDE5095FA /* OpenTimeTripDetailView.swift in Sources */,
				D62D823638EA9042B84575C1 /* RootTabView.swift in Sources */,
				0E0B9373BE80E5F6829F98D6 /* ScheduleCacheService.swift in Sources */,
				4016A931F2EA6DCF07900791 /* SettingsSections.swift in Sources */,
				C6DAD0A1BE825FB0BA256D13 /* SettingsTabView.swift in Sources */,
				95B113CB364AA3060CA5D213 /* TimelineSupport.swift in Sources */,
				FCAF8CC3DA62D71F1FCBE6B8 /* TimelineTabView.swift in Sources */,
				118967E43FF2203DAB98B97C /* TripBoardAuthService.swift in Sources */,
				DC8A5853601DC74925B4908E /* TripBoardLoginView.swift in Sources */,
				7D1704D2A316ADA1508A7A5E /* TripBoardSyncService.swift in Sources */,
				C8D9B5BF0F2E0E10EFC1355F /* TripDataHubApp.swift in Sources */,
				32AB31ECA2C3DA85192193E3 /* TripLegDisplaySupport.swift in Sources */,
				E72B7C0A1DA5134DAF4551D7 /* TripModels.swift in Sources */,
				060126BA99293293402CEC00 /* ViewShared.swift in Sources */,
			);
			runOnlyForDeploymentPostprocessing = 0;
		};
/* End PBXSourcesBuildPhase section */

/* Begin PBXTargetDependency section */
		ACCF85D1355AE5B839C9740B /* PBXTargetDependency */ = {
			isa = PBXTargetDependency;
			target = 9CDD311DB999C310E3ADCC73 /* TripDataHub */;
			targetProxy = 30A401B24E2279426942B203 /* PBXContainerItemProxy */;
		};
/* End PBXTargetDependency section */

/* Begin XCBuildConfiguration section */
		35CA3FDA39F4D03F6D829BDE /* Release */ = {
			isa = XCBuildConfiguration;
			buildSettings = {
				ALWAYS_SEARCH_USER_PATHS = NO;
				CLANG_ANALYZER_NONNULL = YES;
				CLANG_ANALYZER_NUMBER_OBJECT_CONVERSION = YES_AGGRESSIVE;
				CLANG_CXX_LANGUAGE_STANDARD = "gnu++14";
				CLANG_CXX_LIBRARY = "libc++";
				CLANG_ENABLE_MODULES = YES;
				CLANG_ENABLE_OBJC_ARC = YES;
				CLANG_ENABLE_OBJC_WEAK = YES;
				CLANG_WARN_BLOCK_CAPTURE_AUTORELEASING = YES;
				CLANG_WARN_BOOL_CONVERSION = YES;
				CLANG_WARN_COMMA = YES;
				CLANG_WARN_CONSTANT_CONVERSION = YES;
				CLANG_WARN_DEPRECATED_OBJC_IMPLEMENTATIONS = YES;
				CLANG_WARN_DIRECT_OBJC_ISA_USAGE = YES_ERROR;
				CLANG_WARN_DOCUMENTATION_COMMENTS = YES;
				CLANG_WARN_EMPTY_BODY = YES;
				CLANG_WARN_ENUM_CONVERSION = YES;
				CLANG_WARN_INFINITE_RECURSION = YES;
				CLANG_WARN_INT_CONVERSION = YES;
				CLANG_WARN_NON_LITERAL_NULL_CONVERSION = YES;
				CLANG_WARN_OBJC_IMPLICIT_RETAIN_SELF = YES;
				CLANG_WARN_OBJC_LITERAL_CONVERSION = YES;
				CLANG_WARN_OBJC_ROOT_CLASS = YES_ERROR;
				CLANG_WARN_QUOTED_INCLUDE_IN_FRAMEWORK_HEADER = YES;
				CLANG_WARN_RANGE_LOOP_ANALYSIS = YES;
				CLANG_WARN_STRICT_PROTOTYPES = YES;
				CLANG_WARN_SUSPICIOUS_MOVE = YES;
				CLANG_WARN_UNGUARDED_AVAILABILITY = YES_AGGRESSIVE;
				CLANG_WARN_UNREACHABLE_CODE = YES;
				CLANG_WARN__DUPLICATE_METHOD_MATCH = YES;
				COPY_PHASE_STRIP = NO;
				DEBUG_INFORMATION_FORMAT = "dwarf-with-dsym";
				ENABLE_NS_ASSERTIONS = NO;
				ENABLE_STRICT_OBJC_MSGSEND = YES;
				GCC_C_LANGUAGE_STANDARD = gnu11;
				GCC_NO_COMMON_BLOCKS = YES;
				GCC_WARN_64_TO_32_BIT_CONVERSION = YES;
				GCC_WARN_ABOUT_RETURN_TYPE = YES_ERROR;
				GCC_WARN_UNDECLARED_SELECTOR = YES;
				GCC_WARN_UNINITIALIZED_AUTOS = YES_AGGRESSIVE;
				GCC_WARN_UNUSED_FUNCTION = YES;
				GCC_WARN_UNUSED_VARIABLE = YES;
				IPHONEOS_DEPLOYMENT_TARGET = 17.0;
				MTL_ENABLE_DEBUG_INFO = NO;
				MTL_FAST_MATH = YES;
				PRODUCT_NAME = "$(TARGET_NAME)";
				SDKROOT = iphoneos;
				SWIFT_COMPILATION_MODE = wholemodule;
				SWIFT_OPTIMIZATION_LEVEL = "-O";
				SWIFT_VERSION = 5.9;
			};
			name = Release;
		};
		6BFF8CEE30E67ABE025767C1 /* Release */ = {
			isa = XCBuildConfiguration;
			buildSettings = {
				BUNDLE_LOADER = "$(TEST_HOST)";
				CODE_SIGN_STYLE = Automatic;
				DEVELOPMENT_TEAM = "";
				GENERATE_INFOPLIST_FILE = YES;
				LD_RUNPATH_SEARCH_PATHS = (
					"$(inherited)",
					"@executable_path/Frameworks",
					"@loader_path/Frameworks",
				);
				PRODUCT_BUNDLE_IDENTIFIER = com.sfune.BidProSchedule.Tests;
				SDKROOT = iphoneos;
				TARGETED_DEVICE_FAMILY = "1,2";
				TEST_HOST = "$(BUILT_PRODUCTS_DIR)/TripData Hub.app/TripData Hub";
			};
			name = Release;
		};
		83A5A2E31608AE2A0FC7CA35 /* Debug */ = {
			isa = XCBuildConfiguration;
			buildSettings = {
				ASSETCATALOG_COMPILER_APPICON_NAME = AppIcon;
				ASSETCATALOG_COMPILER_INCLUDE_ALL_APPICON_ASSETS = YES;
				CODE_SIGN_IDENTITY = "iPhone Developer";
				CODE_SIGN_STYLE = Automatic;
				CURRENT_PROJECT_VERSION = 1;
				DEVELOPMENT_TEAM = "";
				GENERATE_INFOPLIST_FILE = NO;
				INFOPLIST_FILE = TripDataHub/Info.plist;
				INFOPLIST_KEY_CFBundleDisplayName = "TripData Hub";
				INFOPLIST_KEY_CFBundleIconName = AppIcon;
				INFOPLIST_KEY_UIAppFonts = (
					MaterialIcons.ttf,
					Resources/Fonts/MaterialIcons.ttf,
				);
				INFOPLIST_KEY_UIApplicationSceneManifest_Generation = YES;
				INFOPLIST_KEY_UILaunchScreen_Generation = NO;
				INFOPLIST_KEY_UILaunchStoryboardName = LaunchScreen;
				INFOPLIST_KEY_UIRequiresFullScreen = YES;
				INFOPLIST_KEY_UISupportedInterfaceOrientations = (
					UIInterfaceOrientationPortrait,
					UIInterfaceOrientationPortraitUpsideDown,
					UIInterfaceOrientationLandscapeLeft,
					UIInterfaceOrientationLandscapeRight,
				);
				INFOPLIST_KEY_UISupportedInterfaceOrientations_iPad = (
					UIInterfaceOrientationPortrait,
					UIInterfaceOrientationPortraitUpsideDown,
					UIInterfaceOrientationLandscapeLeft,
					UIInterfaceOrientationLandscapeRight,
				);
				INFOPLIST_KEY_UISupportedInterfaceOrientations_iPhone = UIInterfaceOrientationPortrait;
				LD_RUNPATH_SEARCH_PATHS = (
					"$(inherited)",
					"@executable_path/Frameworks",
				);
				MARKETING_VERSION = 1.0.0;
				PRODUCT_BUNDLE_IDENTIFIER = com.sfune.BidProSchedule;
				PRODUCT_NAME = "TripData Hub";
				SDKROOT = iphoneos;
				TARGETED_DEVICE_FAMILY = "1,2";
			};
			name = Debug;
		};
		AC63BD29D54006B980F84BFD /* Debug */ = {
			isa = XCBuildConfiguration;
			buildSettings = {
				ALWAYS_SEARCH_USER_PATHS = NO;
				CLANG_ANALYZER_NONNULL = YES;
				CLANG_ANALYZER_NUMBER_OBJECT_CONVERSION = YES_AGGRESSIVE;
				CLANG_CXX_LANGUAGE_STANDARD = "gnu++14";
				CLANG_CXX_LIBRARY = "libc++";
				CLANG_ENABLE_MODULES = YES;
				CLANG_ENABLE_OBJC_ARC = YES;
				CLANG_ENABLE_OBJC_WEAK = YES;
				CLANG_WARN_BLOCK_CAPTURE_AUTORELEASING = YES;
				CLANG_WARN_BOOL_CONVERSION = YES;
				CLANG_WARN_COMMA = YES;
				CLANG_WARN_CONSTANT_CONVERSION = YES;
				CLANG_WARN_DEPRECATED_OBJC_IMPLEMENTATIONS = YES;
				CLANG_WARN_DIRECT_OBJC_ISA_USAGE = YES_ERROR;
				CLANG_WARN_DOCUMENTATION_COMMENTS = YES;
				CLANG_WARN_EMPTY_BODY = YES;
				CLANG_WARN_ENUM_CONVERSION = YES;
				CLANG_WARN_INFINITE_RECURSION = YES;
				CLANG_WARN_INT_CONVERSION = YES;
				CLANG_WARN_NON_LITERAL_NULL_CONVERSION = YES;
				CLANG_WARN_OBJC_IMPLICIT_RETAIN_SELF = YES;
				CLANG_WARN_OBJC_LITERAL_CONVERSION = YES;
				CLANG_WARN_OBJC_ROOT_CLASS = YES_ERROR;
				CLANG_WARN_QUOTED_INCLUDE_IN_FRAMEWORK_HEADER = YES;
				CLANG_WARN_RANGE_LOOP_ANALYSIS = YES;
				CLANG_WARN_STRICT_PROTOTYPES = YES;
				CLANG_WARN_SUSPICIOUS_MOVE = YES;
				CLANG_WARN_UNGUARDED_AVAILABILITY = YES_AGGRESSIVE;
				CLANG_WARN_UNREACHABLE_CODE = YES;
				CLANG_WARN__DUPLICATE_METHOD_MATCH = YES;
				COPY_PHASE_STRIP = NO;
				DEBUG_INFORMATION_FORMAT = dwarf;
				ENABLE_STRICT_OBJC_MSGSEND = YES;
				ENABLE_TESTABILITY = YES;
				GCC_C_LANGUAGE_STANDARD = gnu11;
				GCC_DYNAMIC_NO_PIC = NO;
				GCC_NO_COMMON_BLOCKS = YES;
				GCC_OPTIMIZATION_LEVEL = 0;
				GCC_PREPROCESSOR_DEFINITIONS = (
					"$(inherited)",
					"DEBUG=1",
				);
				GCC_WARN_64_TO_32_BIT_CONVERSION = YES;
				GCC_WARN_ABOUT_RETURN_TYPE = YES_ERROR;
				GCC_WARN_UNDECLARED_SELECTOR = YES;
				GCC_WARN_UNINITIALIZED_AUTOS = YES_AGGRESSIVE;
				GCC_WARN_UNUSED_FUNCTION = YES;
				GCC_WARN_UNUSED_VARIABLE = YES;
				IPHONEOS_DEPLOYMENT_TARGET = 17.0;
				MTL_ENABLE_DEBUG_INFO = INCLUDE_SOURCE;
				MTL_FAST_MATH = YES;
				ONLY_ACTIVE_ARCH = YES;
				PRODUCT_NAME = "$(TARGET_NAME)";
				SDKROOT = iphoneos;
				SWIFT_ACTIVE_COMPILATION_CONDITIONS = DEBUG;
				SWIFT_OPTIMIZATION_LEVEL = "-Onone";
				SWIFT_VERSION = 5.9;
			};
			name = Debug;
		};
		AD03CC753F1F736893A670E7 /* Release */ = {
			isa = XCBuildConfiguration;
			buildSettings = {
				ASSETCATALOG_COMPILER_APPICON_NAME = AppIcon;
				ASSETCATALOG_COMPILER_INCLUDE_ALL_APPICON_ASSETS = YES;
				CODE_SIGN_IDENTITY = "iPhone Developer";
				CODE_SIGN_STYLE = Automatic;
				CURRENT_PROJECT_VERSION = 1;
				DEVELOPMENT_TEAM = "";
				GENERATE_INFOPLIST_FILE = NO;
				INFOPLIST_FILE = TripDataHub/Info.plist;
				INFOPLIST_KEY_CFBundleDisplayName = "TripData Hub";
				INFOPLIST_KEY_CFBundleIconName = AppIcon;
				INFOPLIST_KEY_UIAppFonts = (
					MaterialIcons.ttf,
					Resources/Fonts/MaterialIcons.ttf,
				);
				INFOPLIST_KEY_UIApplicationSceneManifest_Generation = YES;
				INFOPLIST_KEY_UILaunchScreen_Generation = NO;
				INFOPLIST_KEY_UILaunchStoryboardName = LaunchScreen;
				INFOPLIST_KEY_UIRequiresFullScreen = YES;
				INFOPLIST_KEY_UISupportedInterfaceOrientations = (
					UIInterfaceOrientationPortrait,
					UIInterfaceOrientationPortraitUpsideDown,
					UIInterfaceOrientationLandscapeLeft,
					UIInterfaceOrientationLandscapeRight,
				);
				INFOPLIST_KEY_UISupportedInterfaceOrientations_iPad = (
					UIInterfaceOrientationPortrait,
					UIInterfaceOrientationPortraitUpsideDown,
					UIInterfaceOrientationLandscapeLeft,
					UIInterfaceOrientationLandscapeRight,
				);
				INFOPLIST_KEY_UISupportedInterfaceOrientations_iPhone = UIInterfaceOrientationPortrait;
				LD_RUNPATH_SEARCH_PATHS = (
					"$(inherited)",
					"@executable_path/Frameworks",
				);
				MARKETING_VERSION = 1.0.0;
				PRODUCT_BUNDLE_IDENTIFIER = com.sfune.BidProSchedule;
				PRODUCT_NAME = "TripData Hub";
				SDKROOT = iphoneos;
				TARGETED_DEVICE_FAMILY = "1,2";
			};
			name = Release;
		};
		BE1A24A53247FEF47BB0ED3B /* Debug */ = {
			isa = XCBuildConfiguration;
			buildSettings = {
				BUNDLE_LOADER = "$(TEST_HOST)";
				CODE_SIGN_STYLE = Automatic;
				DEVELOPMENT_TEAM = "";
				GENERATE_INFOPLIST_FILE = YES;
				LD_RUNPATH_SEARCH_PATHS = (
					"$(inherited)",
					"@executable_path/Frameworks",
					"@loader_path/Frameworks",
				);
				PRODUCT_BUNDLE_IDENTIFIER = com.sfune.BidProSchedule.Tests;
				SDKROOT = iphoneos;
				TARGETED_DEVICE_FAMILY = "1,2";
				TEST_HOST = "$(BUILT_PRODUCTS_DIR)/TripData Hub.app/TripData Hub";
			};
			name = Debug;
		};
/* End XCBuildConfiguration section */

/* Begin XCConfigurationList section */
		12782E3E02B300ED016918C6 /* Build configuration list for PBXProject "TripDataHub" */ = {
			isa = XCConfigurationList;
			buildConfigurations = (
				AC63BD29D54006B980F84BFD /* Debug */,
				35CA3FDA39F4D03F6D829BDE /* Release */,
			);
			defaultConfigurationIsVisible = 0;
			defaultConfigurationName = Debug;
		};
		4501989166C2FB0365E64546 /* Build configuration list for PBXNativeTarget "TripDataHub" */ = {
			isa = XCConfigurationList;
			buildConfigurations = (
				83A5A2E31608AE2A0FC7CA35 /* Debug */,
				AD03CC753F1F736893A670E7 /* Release */,
			);
			defaultConfigurationIsVisible = 0;
			defaultConfigurationName = Debug;
		};
		A55CEC6EAE84899E0C35BC48 /* Build configuration list for PBXNativeTarget "TripDataHubTests" */ = {
			isa = XCConfigurationList;
			buildConfigurations = (
				BE1A24A53247FEF47BB0ED3B /* Debug */,
				6BFF8CEE30E67ABE025767C1 /* Release */,
			);
			defaultConfigurationIsVisible = 0;
			defaultConfigurationName = Debug;
		};
/* End XCConfigurationList section */
	};
	rootObject = 5AE721792323228157DCB039 /* Project object */;
}
